
Microsoft Visual Studio Solution File, Format Version 12.00
# Visual Studio 15
VisualStudioVersion = 15.0.28010.2026
MinimumVisualStudioVersion = 10.0.40219.1
Project("{FAE04EC0-301F-11D3-BF4B-00C04F79EFBC}") = "Rompecabezas", "Rompecabezas\Rompecabezas.csproj", "{6514B85E-E874-4845-9354-646728191984}"
EndProject
Global
	GlobalSection(SolutionConfigurationPlatforms) = preSolution
		Debug|Any CPU = Debug|Any CPU
		Release|Any CPU = Release|Any CPU
	EndGlobalSection
	GlobalSection(ProjectConfigurationPlatforms) = postSolution
		{6514B85E-E874-4845-9354-646728191984}.Debug|Any CPU.ActiveCfg = Debug|Any CPU
		{6514B85E-E874-4845-9354-646728191984}.Debug|Any CPU.Build.0 = Debug|Any CPU
		{6514B85E-E874-4845-9354-646728191984}.Release|Any CPU.ActiveCfg = Release|Any CPU
		{6514B85E-E874-4845-9354-646728191984}.Release|Any CPU.Build.0 = Release|Any CPU
	EndGlobalSection
	GlobalSection(SolutionProperties) = preSolution
		HideSolutionNode = FALSE
	EndGlobalSection
	GlobalSection(ExtensibilityGlobals) = postSolution
		SolutionGuid = {23DDBF3C-B76B-4B25-9C7A-5D133535D1AE}
	EndGlobalSection
EndGlobal
